
Microsoft Visual Studio Solution File, Format Version 12.00
# Visual Studio 15
VisualStudioVersion = 15.0.27004.2002
MinimumVisualStudioVersion = 10.0.40219.1
Project("{FAE04EC0-301F-11D3-BF4B-00C04F79EFBC}") = "DSLinkedList", "DSLinkedList\DSLinkedList.csproj", "{4FCB8BDD-92E4-4339-B092-AC3EB9012A96}"
EndProject
Global
	GlobalSection(SolutionConfigurationPlatforms) = preSolution
		Debug|Any CPU = Debug|Any CPU
		Release|Any CPU = Release|Any CPU
	EndGlobalSection
	GlobalSection(ProjectConfigurationPlatforms) = postSolution
		{4FCB8BDD-92E4-4339-B092-AC3EB9012A96}.Debug|Any CPU.ActiveCfg = Debug|Any CPU
		{4FCB8BDD-92E4-4339-B092-AC3EB9012A96}.Debug|Any CPU.Build.0 = Debug|Any CPU
		{4FCB8BDD-92E4-4339-B092-AC3EB9012A96}.Release|Any CPU.ActiveCfg = Release|Any CPU
		{4FCB8BDD-92E4-4339-B092-AC3EB9012A96}.Release|Any CPU.Build.0 = Release|Any CPU
	EndGlobalSection
	GlobalSection(SolutionProperties) = preSolution
		HideSolutionNode = FALSE
	EndGlobalSection
	GlobalSection(ExtensibilityGlobals) = postSolution
		SolutionGuid = {D3E591FF-93B2-4FD2-86B0-248851BCDB47}
	EndGlobalSection
EndGlobal
